// !$*UTF8*$!
{
	archiveVersion = 1;
	classes = {
	};
	objectVersion = 55;
	objects = {

/* Begin PBXBuildFile section */
		0DA43DC62826A527B75246C4 /* Pods_Stocks.framework in Frameworks */ = {isa = PBXBuildFile; fileRef = DC3075655871FD048F6548F1 /* Pods_Stocks.framework */; };
		B81289542796EAE500FC49B7 /* Extensions.swift in Sources */ = {isa = PBXBuildFile; fileRef = B81289532796EAE500FC49B7 /* Extensions.swift */; };
		B85353CD279897EC007CAC9D /* SearchResponse.swift in Sources */ = {isa = PBXBuildFile; fileRef = B85353CC279897EC007CAC9D /* SearchResponse.swift */; };
		B87A66562797494E00FBAD81 /* SearchResultTableViewCell.swift in Sources */ = {isa = PBXBuildFile; fileRef = B87A66552797494E00FBAD81 /* SearchResultTableViewCell.swift */; };
		B8E4530D279603E1008045E8 /* AppDelegate.swift in Sources */ = {isa = PBXBuildFile; fileRef = B8E4530C279603E1008045E8 /* AppDelegate.swift */; };
		B8E4530F279603E1008045E8 /* SceneDelegate.swift in Sources */ = {isa = PBXBuildFile; fileRef = B8E4530E279603E1008045E8 /* SceneDelegate.swift */; };
		B8E45311279603E1008045E8 /* WatchListViewController.swift in Sources */ = {isa = PBXBuildFile; fileRef = B8E45310279603E1008045E8 /* WatchListViewController.swift */; };
		B8E45316279603E7008045E8 /* Assets.xcassets in Resources */ = {isa = PBXBuildFile; fileRef = B8E45315279603E7008045E8 /* Assets.xcassets */; };
		B8E45319279603E7008045E8 /* LaunchScreen.storyboard in Resources */ = {isa = PBXBuildFile; fileRef = B8E45317279603E7008045E8 /* LaunchScreen.storyboard */; };
		B8E45326279605F1008045E8 /* TopStoriesNewsViewController.swift in Sources */ = {isa = PBXBuildFile; fileRef = B8E45325279605F1008045E8 /* TopStoriesNewsViewController.swift */; };
		B8E453282796061F008045E8 /* SearchResultsViewController.swift in Sources */ = {isa = PBXBuildFile; fileRef = B8E453272796061F008045E8 /* SearchResultsViewController.swift */; };
		B8E4532A27960633008045E8 /* StockDetailsViewController.swift in Sources */ = {isa = PBXBuildFile; fileRef = B8E4532927960633008045E8 /* StockDetailsViewController.swift */; };
		B8E4532C2796101C008045E8 /* APICaller.swift in Sources */ = {isa = PBXBuildFile; fileRef = B8E4532B2796101C008045E8 /* APICaller.swift */; };
		B8E4532E27961035008045E8 /* PersistenceManager.swift in Sources */ = {isa = PBXBuildFile; fileRef = B8E4532D27961035008045E8 /* PersistenceManager.swift */; };
		B8E4533027961048008045E8 /* HapticsManager.swift in Sources */ = {isa = PBXBuildFile; fileRef = B8E4532F27961048008045E8 /* HapticsManager.swift */; };
/* End PBXBuildFile section */

/* Begin PBXFileReference section */
		B81289532796EAE500FC49B7 /* Extensions.swift */ = {isa = PBXFileReference; lastKnownFileType = sourcecode.swift; path = Extensions.swift; sourceTree = "<group>"; };
		B85353CC279897EC007CAC9D /* SearchResponse.swift */ = {isa = PBXFileReference; lastKnownFileType = sourcecode.swift; path = SearchResponse.swift; sourceTree = "<group>"; };
		B87A66552797494E00FBAD81 /* SearchResultTableViewCell.swift */ = {isa = PBXFileReference; lastKnownFileType = sourcecode.swift; path = SearchResultTableViewCell.swift; sourceTree = "<group>"; };
		B8E45309279603E1008045E8 /* Stocks.app */ = {isa = PBXFileReference; explicitFileType = wrapper.application; includeInIndex = 0; path = Stocks.app; sourceTree = BUILT_PRODUCTS_DIR; };
		B8E4530C279603E1008045E8 /* AppDelegate.swift */ = {isa = PBXFileReference; lastKnownFileType = sourcecode.swift; path = AppDelegate.swift; sourceTree = "<group>"; };
		B8E4530E279603E1008045E8 /* SceneDelegate.swift */ = {isa = PBXFileReference; lastKnownFileType = sourcecode.swift; path = SceneDelegate.swift; sourceTree = "<group>"; };
		B8E45310279603E1008045E8 /* WatchListViewController.swift */ = {isa = PBXFileReference; lastKnownFileType = sourcecode.swift; path = WatchListViewController.swift; sourceTree = "<group>"; };
		B8E45315279603E7008045E8 /* Assets.xcassets */ = {isa = PBXFileReference; lastKnownFileType = folder.assetcatalog; path = Assets.xcassets; sourceTree = "<group>"; };
		B8E45318279603E7008045E8 /* Base */ = {isa = PBXFileReference; lastKnownFileType = file.storyboard; name = Base; path = Base.lproj/LaunchScreen.storyboard; sourceTree = "<group>"; };
		B8E4531A279603E7008045E8 /* Info.plist */ = {isa = PBXFileReference; lastKnownFileType = text.plist.xml; path = Info.plist; sourceTree = "<group>"; };
		B8E45325279605F1008045E8 /* TopStoriesNewsViewController.swift */ = {isa = PBXFileReference; lastKnownFileType = sourcecode.swift; path = TopStoriesNewsViewController.swift; sourceTree = "<group>"; };
		B8E453272796061F008045E8 /* SearchResultsViewController.swift */ = {isa = PBXFileReference; lastKnownFileType = sourcecode.swift; path = SearchResultsViewController.swift; sourceTree = "<group>"; };
		B8E4532927960633008045E8 /* StockDetailsViewController.swift */ = {isa = PBXFileReference; lastKnownFileType = sourcecode.swift; path = StockDetailsViewController.swift; sourceTree = "<group>"; };
		B8E4532B2796101C008045E8 /* APICaller.swift */ = {isa = PBXFileReference; lastKnownFileType = sourcecode.swift; path = APICaller.swift; sourceTree = "<group>"; };
		B8E4532D27961035008045E8 /* PersistenceManager.swift */ = {isa = PBXFileReference; lastKnownFileType = sourcecode.swift; path = PersistenceManager.swift; sourceTree = "<group>"; };
		B8E4532F27961048008045E8 /* HapticsManager.swift */ = {isa = PBXFileReference; lastKnownFileType = sourcecode.swift; path = HapticsManager.swift; sourceTree = "<group>"; };
		DC3075655871FD048F6548F1 /* Pods_Stocks.framework */ = {isa = PBXFileReference; explicitFileType = wrapper.framework; includeInIndex = 0; path = Pods_Stocks.framework; sourceTree = BUILT_PRODUCTS_DIR; };
		E9E078BB225D929D3CE39402 /* Pods-Stocks.debug.xcconfig */ = {isa = PBXFileReference; includeInIndex = 1; lastKnownFileType = text.xcconfig; name = "Pods-Stocks.debug.xcconfig"; path = "Target Support Files/Pods-Stocks/Pods-Stocks.debug.xcconfig"; sourceTree = "<group>"; };
		F67C8F7E7BABDC30767EAAA8 /* Pods-Stocks.release.xcconfig */ = {isa = PBXFileReference; includeInIndex = 1; lastKnownFileType = text.xcconfig; name = "Pods-Stocks.release.xcconfig"; path = "Target Support Files/Pods-Stocks/Pods-Stocks.release.xcconfig"; sourceTree = "<group>"; };
/* End PBXFileReference section */

/* Begin PBXFrameworksBuildPhase section */
		B8E45306279603E1008045E8 /* Frameworks */ = {
			isa = PBXFrameworksBuildPhase;
			buildActionMask = 2147483647;
			files = (
				0DA43DC62826A527B75246C4 /* Pods_Stocks.framework in Frameworks */,
			);
			runOnlyForDeploymentPostprocessing = 0;
		};
/* End PBXFrameworksBuildPhase section */

/* Begin PBXGroup section */
		895B13B5E8BBA46CD4581576 /* Frameworks */ = {
			isa = PBXGroup;
			children = (
				DC3075655871FD048F6548F1 /* Pods_Stocks.framework */,
			);
			name = Frameworks;
			sourceTree = "<group>";
		};
		A0E96193CDF4C139865B9575 /* Pods */ = {
			isa = PBXGroup;
			children = (
				E9E078BB225D929D3CE39402 /* Pods-Stocks.debug.xcconfig */,
				F67C8F7E7BABDC30767EAAA8 /* Pods-Stocks.release.xcconfig */,
			);
			name = Pods;
			path = Pods;
			sourceTree = "<group>";
		};
		B8E45300279603E1008045E8 = {
			isa = PBXGroup;
			children = (
				B8E4530B279603E1008045E8 /* Stocks */,
				B8E4530A279603E1008045E8 /* Products */,
				A0E96193CDF4C139865B9575 /* Pods */,
				895B13B5E8BBA46CD4581576 /* Frameworks */,
			);
			sourceTree = "<group>";
		};
		B8E4530A279603E1008045E8 /* Products */ = {
			isa = PBXGroup;
			children = (
				B8E45309279603E1008045E8 /* Stocks.app */,
			);
			name = Products;
			sourceTree = "<group>";
		};
		B8E4530B279603E1008045E8 /* Stocks */ = {
			isa = PBXGroup;
			children = (
				B8E4532427960497008045E8 /* Other */,
				B8E453232796048B008045E8 /* Managers */,
				B8E453222796045A008045E8 /* Controllers */,
				B8E453212796044D008045E8 /* Views */,
				B8E4532027960440008045E8 /* Models */,
				B8E4531A279603E7008045E8 /* Info.plist */,
			);
			path = Stocks;
			sourceTree = "<group>";
		};
		B8E4532027960440008045E8 /* Models */ = {
			isa = PBXGroup;
			children = (
				B85353CC279897EC007CAC9D /* SearchResponse.swift */,
			);
			path = Models;
			sourceTree = "<group>";
		};
		B8E453212796044D008045E8 /* Views */ = {
			isa = PBXGroup;
			children = (
				B8E45317279603E7008045E8 /* LaunchScreen.storyboard */,
				B87A66552797494E00FBAD81 /* SearchResultTableViewCell.swift */,
			);
			path = Views;
			sourceTree = "<group>";
		};
		B8E453222796045A008045E8 /* Controllers */ = {
			isa = PBXGroup;
			children = (
				B8E45310279603E1008045E8 /* WatchListViewController.swift */,
				B8E45325279605F1008045E8 /* TopStoriesNewsViewController.swift */,
				B8E453272796061F008045E8 /* SearchResultsViewController.swift */,
				B8E4532927960633008045E8 /* StockDetailsViewController.swift */,
			);
			path = Controllers;
			sourceTree = "<group>";
		};
		B8E453232796048B008045E8 /* Managers */ = {
			isa = PBXGroup;
			children = (
				B8E4532B2796101C008045E8 /* APICaller.swift */,
				B8E4532D27961035008045E8 /* PersistenceManager.swift */,
				B8E4532F27961048008045E8 /* HapticsManager.swift */,
			);
			path = Managers;
			sourceTree = "<group>";
		};
		B8E4532427960497008045E8 /* Other */ = {
			isa = PBXGroup;
			children = (
				B8E4530C279603E1008045E8 /* AppDelegate.swift */,
				B8E4530E279603E1008045E8 /* SceneDelegate.swift */,
				B8E45315279603E7008045E8 /* Assets.xcassets */,
				B81289532796EAE500FC49B7 /* Extensions.swift */,
			);
			path = Other;
			sourceTree = "<group>";
		};
/* End PBXGroup section */

/* Begin PBXNativeTarget section */
		B8E45308279603E1008045E8 /* Stocks */ = {
			isa = PBXNativeTarget;
			buildConfigurationList = B8E4531D279603E7008045E8 /* Build configuration list for PBXNativeTarget "Stocks" */;
			buildPhases = (
				7A25976429F7AE1256D47842 /* [CP] Check Pods Manifest.lock */,
				B8E45305279603E1008045E8 /* Sources */,
				B8E45306279603E1008045E8 /* Frameworks */,
				B8E45307279603E1008045E8 /* Resources */,
				2A2EF9F877E8EF86B044D6D6 /* [CP] Embed Pods Frameworks */,
			);
			buildRules = (
			);
			dependencies = (
			);
			name = Stocks;
			productName = Stocks;
			productReference = B8E45309279603E1008045E8 /* Stocks.app */;
			productType = "com.apple.product-type.application";
		};
/* End PBXNativeTarget section */

/* Begin PBXProject section */
		B8E45301279603E1008045E8 /* Project object */ = {
			isa = PBXProject;
			attributes = {
				BuildIndependentTargetsInParallel = 1;
				LastSwiftUpdateCheck = 1320;
				LastUpgradeCheck = 1320;
				TargetAttributes = {
					B8E45308279603E1008045E8 = {
						CreatedOnToolsVersion = 13.2.1;
					};
				};
			};
			buildConfigurationList = B8E45304279603E1008045E8 /* Build configuration list for PBXProject "Stocks" */;
			compatibilityVersion = "Xcode 13.0";
			developmentRegion = en;
			hasScannedForEncodings = 0;
			knownRegions = (
				en,
				Base,
			);
			mainGroup = B8E45300279603E1008045E8;
			productRefGroup = B8E4530A279603E1008045E8 /* Products */;
			projectDirPath = "";
			projectRoot = "";
			targets = (
				B8E45308279603E1008045E8 /* Stocks */,
			);
		};
/* End PBXProject section */

/* Begin PBXResourcesBuildPhase section */
		B8E45307279603E1008045E8 /* Resources */ = {
			isa = PBXResourcesBuildPhase;
			buildActionMask = 2147483647;
			files = (
				B8E45319279603E7008045E8 /* LaunchScreen.storyboard in Resources */,
				B8E45316279603E7008045E8 /* Assets.xcassets in Resources */,
			);
			runOnlyForDeploymentPostprocessing = 0;
		};
/* End PBXResourcesBuildPhase section */

/* Begin PBXShellScriptBuildPhase section */
		2A2EF9F877E8EF86B044D6D6 /* [CP] Embed Pods Frameworks */ = {
			isa = PBXShellScriptBuildPhase;
			buildActionMask = 2147483647;
			files = (
			);
			inputFileListPaths = (
				"${PODS_ROOT}/Target Support Files/Pods-Stocks/Pods-Stocks-frameworks-${CONFIGURATION}-input-files.xcfilelist",
			);
			name = "[CP] Embed Pods Frameworks";
			outputFileListPaths = (
				"${PODS_ROOT}/Target Support Files/Pods-Stocks/Pods-Stocks-frameworks-${CONFIGURATION}-output-files.xcfilelist",
			);
			runOnlyForDeploymentPostprocessing = 0;
			shellPath = /bin/sh;
			shellScript = "\"${PODS_ROOT}/Target Support Files/Pods-Stocks/Pods-Stocks-frameworks.sh\"\n";
			showEnvVarsInLog = 0;
		};
		7A25976429F7AE1256D47842 /* [CP] Check Pods Manifest.lock */ = {
			isa = PBXShellScriptBuildPhase;
			buildActionMask = 2147483647;
			files = (
			);
			inputFileListPaths = (
			);
			inputPaths = (
				"${PODS_PODFILE_DIR_PATH}/Podfile.lock",
				"${PODS_ROOT}/Manifest.lock",
			);
			name = "[CP] Check Pods Manifest.lock";
			outputFileListPaths = (
			);
			outputPaths = (
				"$(DERIVED_FILE_DIR)/Pods-Stocks-checkManifestLockResult.txt",
			);
			runOnlyForDeploymentPostprocessing = 0;
			shellPath = /bin/sh;
			shellScript = "diff \"${PODS_PODFILE_DIR_PATH}/Podfile.lock\" \"${PODS_ROOT}/Manifest.lock\" > /dev/null\nif [ $? != 0 ] ; then\n    # print error to STDERR\n    echo \"error: The sandbox is not in sync with the Podfile.lock. Run 'pod install' or update your CocoaPods installation.\" >&2\n    exit 1\nfi\n# This output is used by Xcode 'outputs' to avoid re-running this script phase.\necho \"SUCCESS\" > \"${SCRIPT_OUTPUT_FILE_0}\"\n";
			showEnvVarsInLog = 0;
		};
/* End PBXShellScriptBuildPhase section */

/* Begin PBXSourcesBuildPhase section */
		B8E45305279603E1008045E8 /* Sources */ = {
			isa = PBXSourcesBuildPhase;
			buildActionMask = 2147483647;
			files = (
				B8E4533027961048008045E8 /* HapticsManager.swift in Sources */,
				B87A66562797494E00FBAD81 /* SearchResultTableViewCell.swift in Sources */,
				B8E4532A27960633008045E8 /* StockDetailsViewController.swift in Sources */,
				B8E45311279603E1008045E8 /* WatchListViewController.swift in Sources */,
				B8E45326279605F1008045E8 /* TopStoriesNewsViewController.swift in Sources */,
				B8E4532E27961035008045E8 /* PersistenceManager.swift in Sources */,
				B81289542796EAE500FC49B7 /* Extensions.swift in Sources */,
				B8E4532C2796101C008045E8 /* APICaller.swift in Sources */,
				B85353CD279897EC007CAC9D /* SearchResponse.swift in Sources */,
				B8E4530D279603E1008045E8 /* AppDelegate.swift in Sources */,
				B8E4530F279603E1008045E8 /* SceneDelegate.swift in Sources */,
				B8E453282796061F008045E8 /* SearchResultsViewController.swift in Sources */,
			);
			runOnlyForDeploymentPostprocessing = 0;
		};
/* End PBXSourcesBuildPhase section */

/* Begin PBXVariantGroup section */
		B8E45317279603E7008045E8 /* LaunchScreen.storyboard */ = {
			isa = PBXVariantGroup;
			children = (
				B8E45318279603E7008045E8 /* Base */,
			);
			name = LaunchScreen.storyboard;
			sourceTree = "<group>";
		};
/* End PBXVariantGroup section */

/* Begin XCBuildConfiguration section */
		B8E4531B279603E7008045E8 /* Debug */ = {
			isa = XCBuildConfiguration;
			buildSettings = {
				ALWAYS_SEARCH_USER_PATHS = NO;
				CLANG_ANALYZER_NONNULL = YES;
				CLANG_ANALYZER_NUMBER_OBJECT_CONVERSION = YES_AGGRESSIVE;
				CLANG_CXX_LANGUAGE_STANDARD = "gnu++17";
				CLANG_CXX_LIBRARY = "libc++";
				CLANG_ENABLE_MODULES = YES;
				CLANG_ENABLE_OBJC_ARC = YES;
				CLANG_ENABLE_OBJC_WEAK = YES;
				CLANG_WARN_BLOCK_CAPTURE_AUTORELEASING = YES;
				CLANG_WARN_BOOL_CONVERSION = YES;
				CLANG_WARN_COMMA = YES;
				CLANG_WARN_CONSTANT_CONVERSION = YES;
				CLANG_WARN_DEPRECATED_OBJC_IMPLEMENTATIONS = YES;
				CLANG_WARN_DIRECT_OBJC_ISA_USAGE = YES_ERROR;
				CLANG_WARN_DOCUMENTATION_COMMENTS = YES;
				CLANG_WARN_EMPTY_BODY = YES;
				CLANG_WARN_ENUM_CONVERSION = YES;
				CLANG_WARN_INFINITE_RECURSION = YES;
				CLANG_WARN_INT_CONVERSION = YES;
				CLANG_WARN_NON_LITERAL_NULL_CONVERSION = YES;
				CLANG_WARN_OBJC_IMPLICIT_RETAIN_SELF = YES;
				CLANG_WARN_OBJC_LITERAL_CONVERSION = YES;
				CLANG_WARN_OBJC_ROOT_CLASS = YES_ERROR;
				CLANG_WARN_QUOTED_INCLUDE_IN_FRAMEWORK_HEADER = YES;
				CLANG_WARN_RANGE_LOOP_ANALYSIS = YES;
				CLANG_WARN_STRICT_PROTOTYPES = YES;
				CLANG_WARN_SUSPICIOUS_MOVE = YES;
				CLANG_WARN_UNGUARDED_AVAILABILITY = YES_AGGRESSIVE;
				CLANG_WARN_UNREACHABLE_CODE = YES;
				CLANG_WARN__DUPLICATE_METHOD_MATCH = YES;
				COPY_PHASE_STRIP = NO;
				DEBUG_INFORMATION_FORMAT = dwarf;
				ENABLE_STRICT_OBJC_MSGSEND = YES;
				ENABLE_TESTABILITY = YES;
				GCC_C_LANGUAGE_STANDARD = gnu11;
				GCC_DYNAMIC_NO_PIC = NO;
				GCC_NO_COMMON_BLOCKS = YES;
				GCC_OPTIMIZATION_LEVEL = 0;
				GCC_PREPROCESSOR_DEFINITIONS = (
					"DEBUG=1",
					"$(inherited)",
				);
				GCC_WARN_64_TO_32_BIT_CONVERSION = YES;
				GCC_WARN_ABOUT_RETURN_TYPE = YES_ERROR;
				GCC_WARN_UNDECLARED_SELECTOR = YES;
				GCC_WARN_UNINITIALIZED_AUTOS = YES_AGGRESSIVE;
				GCC_WARN_UNUSED_FUNCTION = YES;
				GCC_WARN_UNUSED_VARIABLE = YES;
				IPHONEOS_DEPLOYMENT_TARGET = 15.2;
				MTL_ENABLE_DEBUG_INFO = INCLUDE_SOURCE;
				MTL_FAST_MATH = YES;
				ONLY_ACTIVE_ARCH = YES;
				SDKROOT = iphoneos;
				SWIFT_ACTIVE_COMPILATION_CONDITIONS = DEBUG;
				SWIFT_OPTIMIZATION_LEVEL = "-Onone";
			};
			name = Debug;
		};
		B8E4531C279603E7008045E8 /* Release */ = {
			isa = XCBuildConfiguration;
			buildSettings = {
				ALWAYS_SEARCH_USER_PATHS = NO;
				CLANG_ANALYZER_NONNULL = YES;
				CLANG_ANALYZER_NUMBER_OBJECT_CONVERSION = YES_AGGRESSIVE;
				CLANG_CXX_LANGUAGE_STANDARD = "gnu++17";
				CLANG_CXX_LIBRARY = "libc++";
				CLANG_ENABLE_MODULES = YES;
				CLANG_ENABLE_OBJC_ARC = YES;
				CLANG_ENABLE_OBJC_WEAK = YES;
				CLANG_WARN_BLOCK_CAPTURE_AUTORELEASING = YES;
				CLANG_WARN_BOOL_CONVERSION = YES;
				CLANG_WARN_COMMA = YES;
				CLANG_WARN_CONSTANT_CONVERSION = YES;
				CLANG_WARN_DEPRECATED_OBJC_IMPLEMENTATIONS = YES;
				CLANG_WARN_DIRECT_OBJC_ISA_USAGE = YES_ERROR;
				CLANG_WARN_DOCUMENTATION_COMMENTS = YES;
				CLANG_WARN_EMPTY_BODY = YES;
				CLANG_WARN_ENUM_CONVERSION = YES;
				CLANG_WARN_INFINITE_RECURSION = YES;
				CLANG_WARN_INT_CONVERSION = YES;
				CLANG_WARN_NON_LITERAL_NULL_CONVERSION = YES;
				CLANG_WARN_OBJC_IMPLICIT_RETAIN_SELF = YES;
				CLANG_WARN_OBJC_LITERAL_CONVERSION = YES;
				CLANG_WARN_OBJC_ROOT_CLASS = YES_ERROR;
				CLANG_WARN_QUOTED_INCLUDE_IN_FRAMEWORK_HEADER = YES;
				CLANG_WARN_RANGE_LOOP_ANALYSIS = YES;
				CLANG_WARN_STRICT_PROTOTYPES = YES;
				CLANG_WARN_SUSPICIOUS_MOVE = YES;
				CLANG_WARN_UNGUARDED_AVAILABILITY = YES_AGGRESSIVE;
				CLANG_WARN_UNREACHABLE_CODE = YES;
				CLANG_WARN__DUPLICATE_METHOD_MATCH = YES;
				COPY_PHASE_STRIP = NO;
				DEBUG_INFORMATION_FORMAT = "dwarf-with-dsym";
				ENABLE_NS_ASSERTIONS = NO;
				ENABLE_STRICT_OBJC_MSGSEND = YES;
				GCC_C_LANGUAGE_STANDARD = gnu11;
				GCC_NO_COMMON_BLOCKS = YES;
				GCC_WARN_64_TO_32_BIT_CONVERSION = YES;
				GCC_WARN_ABOUT_RETURN_TYPE = YES_ERROR;
				GCC_WARN_UNDECLARED_SELECTOR = YES;
				GCC_WARN_UNINITIALIZED_AUTOS = YES_AGGRESSIVE;
				GCC_WARN_UNUSED_FUNCTION = YES;
				GCC_WARN_UNUSED_VARIABLE = YES;
				IPHONEOS_DEPLOYMENT_TARGET = 15.2;
				MTL_ENABLE_DEBUG_INFO = NO;
				MTL_FAST_MATH = YES;
				SDKROOT = iphoneos;
				SWIFT_COMPILATION_MODE = wholemodule;
				SWIFT_OPTIMIZATION_LEVEL = "-O";
				VALIDATE_PRODUCT = YES;
			};
			name = Release;
		};
		B8E4531E279603E7008045E8 /* Debug */ = {
			isa = XCBuildConfiguration;
			baseConfigurationReference = E9E078BB225D929D3CE39402 /* Pods-Stocks.debug.xcconfig */;
			buildSettings = {
				ASSETCATALOG_COMPILER_APPICON_NAME = AppIcon;
				ASSETCATALOG_COMPILER_GLOBAL_ACCENT_COLOR_NAME = AccentColor;
				CODE_SIGN_STYLE = Automatic;
				CURRENT_PROJECT_VERSION = 1;
				DEVELOPMENT_TEAM = Y4X5A9K599;
				GENERATE_INFOPLIST_FILE = YES;
				INFOPLIST_FILE = Stocks/Info.plist;
				INFOPLIST_KEY_UIApplicationSupportsIndirectInputEvents = YES;
				INFOPLIST_KEY_UILaunchStoryboardName = LaunchScreen;
				INFOPLIST_KEY_UISupportedInterfaceOrientations = UIInterfaceOrientationPortrait;
				INFOPLIST_KEY_UISupportedInterfaceOrientations_iPad = "UIInterfaceOrientationPortrait UIInterfaceOrientationPortraitUpsideDown UIInterfaceOrientationLandscapeLeft UIInterfaceOrientationLandscapeRight";
				INFOPLIST_KEY_UISupportedInterfaceOrientations_iPhone = "UIInterfaceOrientationPortrait UIInterfaceOrientationLandscapeLeft UIInterfaceOrientationLandscapeRight";
				IPHONEOS_DEPLOYMENT_TARGET = 13.0;
				LD_RUNPATH_SEARCH_PATHS = (
					"$(inherited)",
					"@executable_path/Frameworks",
				);
				MARKETING_VERSION = 1.0;
				PRODUCT_BUNDLE_IDENTIFIER = IvanTolchainov.Stocks;
				PRODUCT_NAME = "$(TARGET_NAME)";
				SWIFT_EMIT_LOC_STRINGS = YES;
				SWIFT_VERSION = 5.0;
				TARGETED_DEVICE_FAMILY = 1;
			};
			name = Debug;
		};
		B8E4531F279603E7008045E8 /* Release */ = {
			isa = XCBuildConfiguration;
			baseConfigurationReference = F67C8F7E7BABDC30767EAAA8 /* Pods-Stocks.release.xcconfig */;
			buildSettings = {
				ASSETCATALOG_COMPILER_APPICON_NAME = AppIcon;
				ASSETCATALOG_COMPILER_GLOBAL_ACCENT_COLOR_NAME = AccentColor;
				CODE_SIGN_STYLE = Automatic;
				CURRENT_PROJECT_VERSION = 1;
				DEVELOPMENT_TEAM = Y4X5A9K599;
				GENERATE_INFOPLIST_FILE = YES;
				INFOPLIST_FILE = Stocks/Info.plist;
				INFOPLIST_KEY_UIApplicationSupportsIndirectInputEvents = YES;
				INFOPLIST_KEY_UILaunchStoryboardName = LaunchScreen;
				INFOPLIST_KEY_UISupportedInterfaceOrientations = UIInterfaceOrientationPortrait;
				INFOPLIST_KEY_UISupportedInterfaceOrientations_iPad = "UIInterfaceOrientationPortrait UIInterfaceOrientationPortraitUpsideDown UIInterfaceOrientationLandscapeLeft UIInterfaceOrientationLandscapeRight";
				INFOPLIST_KEY_UISupportedInterfaceOrientations_iPhone = "UIInterfaceOrientationPortrait UIInterfaceOrientationLandscapeLeft UIInterfaceOrientationLandscapeRight";
				IPHONEOS_DEPLOYMENT_TARGET = 13.0;
				LD_RUNPATH_SEARCH_PATHS = (
					"$(inherited)",
					"@executable_path/Frameworks",
				);
				MARKETING_VERSION = 1.0;
				PRODUCT_BUNDLE_IDENTIFIER = IvanTolchainov.Stocks;
				PRODUCT_NAME = "$(TARGET_NAME)";
				SWIFT_EMIT_LOC_STRINGS = YES;
				SWIFT_VERSION = 5.0;
				TARGETED_DEVICE_FAMILY = 1;
			};
			name = Release;
		};
/* End XCBuildConfiguration section */

/* Begin XCConfigurationList section */
		B8E45304279603E1008045E8 /* Build configuration list for PBXProject "Stocks" */ = {
			isa = XCConfigurationList;
			buildConfigurations = (
				B8E4531B279603E7008045E8 /* Debug */,
				B8E4531C279603E7008045E8 /* Release */,
			);
			defaultConfigurationIsVisible = 0;
			defaultConfigurationName = Release;
		};
		B8E4531D279603E7008045E8 /* Build configuration list for PBXNativeTarget "Stocks" */ = {
			isa = XCConfigurationList;
			buildConfigurations = (
				B8E4531E279603E7008045E8 /* Debug */,
				B8E4531F279603E7008045E8 /* Release */,
			);
			defaultConfigurationIsVisible = 0;
			defaultConfigurationName = Release;
		};
/* End XCConfigurationList section */
	};
	rootObject = B8E45301279603E1008045E8 /* Project object */;
}
